
Microsoft Visual Studio Solution File, Format Version 12.00
# Visual Studio Version 17
VisualStudioVersion = 17.2.32630.192
MinimumVisualStudioVersion = 10.0.40219.1
Project("{9A19103F-16F7-4668-BE54-9A1E7A4F7556}") = "ExchangeRatesDownloaderApp", "ExchangeRatesDownloaderApp\ExchangeRatesDownloaderApp.csproj", "{8E019B1A-6A67-4BC9-9543-128C41CFE9A3}"
EndProject
Project("{FAE04EC0-301F-11D3-BF4B-00C04F79EFBC}") = "ExchangeRatesDownloaderTests", "ExchangeRatesDownloaderTests\ExchangeRatesDownloaderTests.csproj", "{D19E3DF5-6AD2-4E0A-B118-2EFFFFCC8A40}"
EndProject
Global
	GlobalSection(SolutionConfigurationPlatforms) = preSolution
		Debug|Any CPU = Debug|Any CPU
		Release|Any CPU = Release|Any CPU
	EndGlobalSection
	GlobalSection(ProjectConfigurationPlatforms) = postSolution
		{8E019B1A-6A67-4BC9-9543-128C41CFE9A3}.Debug|Any CPU.ActiveCfg = Debug|Any CPU
		{8E019B1A-6A67-4BC9-9543-128C41CFE9A3}.Debug|Any CPU.Build.0 = Debug|Any CPU
		{8E019B1A-6A67-4BC9-9543-128C41CFE9A3}.Release|Any CPU.ActiveCfg = Release|Any CPU
		{8E019B1A-6A67-4BC9-9543-128C41CFE9A3}.Release|Any CPU.Build.0 = Release|Any CPU
		{D19E3DF5-6AD2-4E0A-B118-2EFFFFCC8A40}.Debug|Any CPU.ActiveCfg = Debug|Any CPU
		{D19E3DF5-6AD2-4E0A-B118-2EFFFFCC8A40}.Debug|Any CPU.Build.0 = Debug|Any CPU
		{D19E3DF5-6AD2-4E0A-B118-2EFFFFCC8A40}.Release|Any CPU.ActiveCfg = Release|Any CPU
		{D19E3DF5-6AD2-4E0A-B118-2EFFFFCC8A40}.Release|Any CPU.Build.0 = Release|Any CPU
	EndGlobalSection
	GlobalSection(SolutionProperties) = preSolution
		HideSolutionNode = FALSE
	EndGlobalSection
	GlobalSection(ExtensibilityGlobals) = postSolution
		SolutionGuid = {E1053948-F8F4-4AA4-88E9-A8CFDD990D88}
	EndGlobalSection
EndGlobal
